// !$*UTF8*$!
{
	archiveVersion = 1;
	classes = {
	};
	objectVersion = 50;
	objects = {

/* Begin PBXBuildFile section */
		6F107F4225024C8C00BEA3C1 /* AppDelegate.swift in Sources */ = {isa = PBXBuildFile; fileRef = 6F107F4125024C8C00BEA3C1 /* AppDelegate.swift */; };
		6F107F4425024C8F00BEA3C1 /* Assets.xcassets in Resources */ = {isa = PBXBuildFile; fileRef = 6F107F4325024C8F00BEA3C1 /* Assets.xcassets */; };
		6F107F4725024C8F00BEA3C1 /* MainMenu.xib in Resources */ = {isa = PBXBuildFile; fileRef = 6F107F4525024C8F00BEA3C1 /* MainMenu.xib */; };
		6F16997B24FB27D800446CB9 /* LICENSE.txt in Resources */ = {isa = PBXBuildFile; fileRef = 6F16997A24FB27D800446CB9 /* LICENSE.txt */; };
		6F16998324FB8C7000446CB9 /* CircularImageView.swift in Sources */ = {isa = PBXBuildFile; fileRef = 6F16998224FB8C7000446CB9 /* CircularImageView.swift */; };
		6F1C6F6B250251BD00C348A0 /* JiraAgent in Resources */ = {isa = PBXBuildFile; fileRef = 6FF46A6124FD03EF0036A753 /* JiraAgent */; };
		6F1C6F6E250254C400C348A0 /* JiraKit.framework in Resources */ = {isa = PBXBuildFile; fileRef = 6FF7C54224F1CD3F00C471AD /* JiraKit.framework */; };
		6F4E396A24FEEB1200623746 /* JiraModel.xcdatamodeld in Sources */ = {isa = PBXBuildFile; fileRef = 6F4A8A3D24F39BAC00BEEFE6 /* JiraModel.xcdatamodeld */; };
		6F4E75D12500F76B00AC8C74 /* JiraServiceProtocol.swift in Sources */ = {isa = PBXBuildFile; fileRef = 6F4E75CD250044E500AC8C74 /* JiraServiceProtocol.swift */; };
		6F6B167F24E4FC020041B8EF /* SPBJIRAQuery.swift in Sources */ = {isa = PBXBuildFile; fileRef = 6F6B167E24E4FC020041B8EF /* SPBJIRAQuery.swift */; };
		6F6B168624E4FCBA0041B8EF /* JIRASpotlightBridgeExtension.bundle in CopyFiles */ = {isa = PBXBuildFile; fileRef = 6F6B167424E4FB8E0041B8EF /* JIRASpotlightBridgeExtension.bundle */; };
		6F6B168A24E5094F0041B8EF /* SPBJIRAResult.swift in Sources */ = {isa = PBXBuildFile; fileRef = 6F6B168924E5094F0041B8EF /* SPBJIRAResult.swift */; };
		6F6B168C24E510460041B8EF /* favicon.png in Resources */ = {isa = PBXBuildFile; fileRef = 6F6B168B24E510460041B8EF /* favicon.png */; };
		6F6B169124E51BA10041B8EF /* JIRAIssueViewController.swift in Sources */ = {isa = PBXBuildFile; fileRef = 6F6B168F24E51BA10041B8EF /* JIRAIssueViewController.swift */; };
		6F6B169224E51BA10041B8EF /* JIRAIssueViewController.xib in Resources */ = {isa = PBXBuildFile; fileRef = 6F6B169024E51BA10041B8EF /* JIRAIssueViewController.xib */; };
		6F6B169424E51C890041B8EF /* BundleExtension.swift in Sources */ = {isa = PBXBuildFile; fileRef = 6F6B169324E51C890041B8EF /* BundleExtension.swift */; };
		6F7118BF2502DDB00082A86E /* JiraKit.framework in Frameworks */ = {isa = PBXBuildFile; fileRef = 6FF7C54224F1CD3F00C471AD /* JiraKit.framework */; };
		6F7118C02502E0C20082A86E /* jiraconfig.json in Resources */ = {isa = PBXBuildFile; fileRef = 6FF7C5AE24F227FD00C471AD /* jiraconfig.json */; };
		6F794E2C24F8526A000411A9 /* JiraModel.xcdatamodeld in Sources */ = {isa = PBXBuildFile; fileRef = 6F4A8A3D24F39BAC00BEEFE6 /* JiraModel.xcdatamodeld */; };
		6F83A08224FD986B00638FDD /* JiraSessionConfiguration.swift in Sources */ = {isa = PBXBuildFile; fileRef = 6FF7C55E24F1D1ED00C471AD /* JiraSessionConfiguration.swift */; };
		6F83A08324FD987200638FDD /* JiraUserIssueQueryTask.swift in Sources */ = {isa = PBXBuildFile; fileRef = 6F16997C24FB28C300446CB9 /* JiraUserIssueQueryTask.swift */; };
		6F83A08424FD987600638FDD /* APIRequest.swift in Sources */ = {isa = PBXBuildFile; fileRef = 6F16997724FB138F00446CB9 /* APIRequest.swift */; };
		6F83A08524FD987E00638FDD /* JiraUserIssueQueryRequest.swift in Sources */ = {isa = PBXBuildFile; fileRef = 6F16997224FB098600446CB9 /* JiraUserIssueQueryRequest.swift */; };
		6F83A08624FD98AD00638FDD /* JiraSession.swift in Sources */ = {isa = PBXBuildFile; fileRef = 6FF7C53B24F1CC8300C471AD /* JiraSession.swift */; };
		6F83A08724FE239000638FDD /* JiraIssueQueryResponse.swift in Sources */ = {isa = PBXBuildFile; fileRef = 6FF7C5AA24F20C5900C471AD /* JiraIssueQueryResponse.swift */; };
		6F83A08824FE2D7100638FDD /* JiraSyncCoordinator.swift in Sources */ = {isa = PBXBuildFile; fileRef = 6F325BCD24F5B2CC0064EF66 /* JiraSyncCoordinator.swift */; };
		6F83A08924FE2D8400638FDD /* JiraStore.swift in Sources */ = {isa = PBXBuildFile; fileRef = 6F86FFCF24F45BF400AFE576 /* JiraStore.swift */; };
		6F83A08A24FE2DAC00638FDD /* JiraIssueManagedObject+CoreDataProperties.swift in Sources */ = {isa = PBXBuildFile; fileRef = 6F16997F24FB80D500446CB9 /* JiraIssueManagedObject+CoreDataProperties.swift */; };
		6F83A08B24FE2DAC00638FDD /* JiraIssueManagedObject+CoreDataClass.swift in Sources */ = {isa = PBXBuildFile; fileRef = 6F96ED8D24F519BC0032F956 /* JiraIssueManagedObject+CoreDataClass.swift */; };
		6F83A08C24FE2DEC00638FDD /* ManagedObjectConvertible.swift in Sources */ = {isa = PBXBuildFile; fileRef = 6F86FFD124F45D0300AFE576 /* ManagedObjectConvertible.swift */; };
		6F83A08D24FE2E3C00638FDD /* CoreDataManager.swift in Sources */ = {isa = PBXBuildFile; fileRef = 6F86FFCB24F459E900AFE576 /* CoreDataManager.swift */; };
		6F83A08F24FE2F4500638FDD /* JIRAIssue+ObjectConvertible.swift in Sources */ = {isa = PBXBuildFile; fileRef = 6F83A08E24FE2F4500638FDD /* JIRAIssue+ObjectConvertible.swift */; };
		6F83A09124FE2FC900638FDD /* JiraAssignee.swift in Sources */ = {isa = PBXBuildFile; fileRef = 6F83A09024FE2FC900638FDD /* JiraAssignee.swift */; };
		6FB4E49B250332F3006F20BB /* JiraAgent.swift in Sources */ = {isa = PBXBuildFile; fileRef = 6FB4E49A250332F3006F20BB /* JiraAgent.swift */; };
		6FB4E4A325033BC8006F20BB /* JiraAgentTests.swift in Sources */ = {isa = PBXBuildFile; fileRef = 6FB4E4A225033BC8006F20BB /* JiraAgentTests.swift */; };
		6FB4E4A825033C32006F20BB /* JiraUserIssueQueryRequestTests.swift in Sources */ = {isa = PBXBuildFile; fileRef = 6F16997424FB0F6D00446CB9 /* JiraUserIssueQueryRequestTests.swift */; };
		6FB4E4A925033C47006F20BB /* JiraUserIssueQueryRequest.swift in Sources */ = {isa = PBXBuildFile; fileRef = 6F16997224FB098600446CB9 /* JiraUserIssueQueryRequest.swift */; };
		6FB4E4AA25033CB6006F20BB /* JiraStoreTests.swift in Sources */ = {isa = PBXBuildFile; fileRef = 6F794E2A24F85260000411A9 /* JiraStoreTests.swift */; };
		6FB4E4AC25033CCC006F20BB /* JiraStore.swift in Sources */ = {isa = PBXBuildFile; fileRef = 6F86FFCF24F45BF400AFE576 /* JiraStore.swift */; };
		6FB4E4AD25033D36006F20BB /* JiraSession.swift in Sources */ = {isa = PBXBuildFile; fileRef = 6FF7C53B24F1CC8300C471AD /* JiraSession.swift */; };
		6FB4E4B025033E2A006F20BB /* JiraIssueTests.swift in Sources */ = {isa = PBXBuildFile; fileRef = 6FB4E4AF25033E2A006F20BB /* JiraIssueTests.swift */; };
		6FB4E4B225034D7F006F20BB /* Decodable+Context.swift in Sources */ = {isa = PBXBuildFile; fileRef = 6FB4E4B125034D7F006F20BB /* Decodable+Context.swift */; };
		6FB4E4B325035129006F20BB /* JiraSessionTests.swift in Sources */ = {isa = PBXBuildFile; fileRef = 6FF7C56024F1D2BD00C471AD /* JiraSessionTests.swift */; };
		6FB4E4B425035528006F20BB /* CoreDataManager.swift in Sources */ = {isa = PBXBuildFile; fileRef = 6F86FFCB24F459E900AFE576 /* CoreDataManager.swift */; };
		6FB4E4B525035549006F20BB /* JiraIssueQueryResponse.swift in Sources */ = {isa = PBXBuildFile; fileRef = 6FF7C5AA24F20C5900C471AD /* JiraIssueQueryResponse.swift */; };
		6FB4E4B6250365CD006F20BB /* APIRequest.swift in Sources */ = {isa = PBXBuildFile; fileRef = 6F16997724FB138F00446CB9 /* APIRequest.swift */; };
		6FB4E4B7250365DC006F20BB /* JiraUserIssueQueryTask.swift in Sources */ = {isa = PBXBuildFile; fileRef = 6F16997C24FB28C300446CB9 /* JiraUserIssueQueryTask.swift */; };
		6FB4E4B8250365F2006F20BB /* JiraIssueManagedObject+CoreDataClass.swift in Sources */ = {isa = PBXBuildFile; fileRef = 6F96ED8D24F519BC0032F956 /* JiraIssueManagedObject+CoreDataClass.swift */; };
		6FB4E4B9250365F4006F20BB /* JiraIssueManagedObject+CoreDataProperties.swift in Sources */ = {isa = PBXBuildFile; fileRef = 6F16997F24FB80D500446CB9 /* JiraIssueManagedObject+CoreDataProperties.swift */; };
		6FB4E4BA25036603006F20BB /* ManagedObjectConvertible.swift in Sources */ = {isa = PBXBuildFile; fileRef = 6F86FFD124F45D0300AFE576 /* ManagedObjectConvertible.swift */; };
		6FB4E4BB2503660C006F20BB /* JIRAIssue+ObjectConvertible.swift in Sources */ = {isa = PBXBuildFile; fileRef = 6F83A08E24FE2F4500638FDD /* JIRAIssue+ObjectConvertible.swift */; };
		6FB4E4BC25036647006F20BB /* JiraModel.xcdatamodeld in Resources */ = {isa = PBXBuildFile; fileRef = 6F4A8A3D24F39BAC00BEEFE6 /* JiraModel.xcdatamodeld */; };
		6FB4E4BD25036684006F20BB /* JiraIssueQueryResponse.json in Resources */ = {isa = PBXBuildFile; fileRef = 6FD2205324FA6D0C008DCEEC /* JiraIssueQueryResponse.json */; };
		6FB4E4BE25036EFD006F20BB /* CircularImageView.swift in Sources */ = {isa = PBXBuildFile; fileRef = 6F16998224FB8C7000446CB9 /* CircularImageView.swift */; };
		6FB4E4C0250370AE006F20BB /* Attribute.swift in Sources */ = {isa = PBXBuildFile; fileRef = 6FB4E4BF250370AE006F20BB /* Attribute.swift */; };
		6FD2203624FA3429008DCEEC /* String+Extension.swift in Sources */ = {isa = PBXBuildFile; fileRef = 6FD2203424FA3429008DCEEC /* String+Extension.swift */; };
		6FD2203724FA3429008DCEEC /* StringMetric.swift in Sources */ = {isa = PBXBuildFile; fileRef = 6FD2203524FA3429008DCEEC /* StringMetric.swift */; };
		6FD2203F24FA547E008DCEEC /* JIRASpotlightBridgeExtensionTests.swift in Sources */ = {isa = PBXBuildFile; fileRef = 6FD2203E24FA547E008DCEEC /* JIRASpotlightBridgeExtensionTests.swift */; };
		6FD2204524FA54B5008DCEEC /* SPBJIRAQueryTests.swift in Sources */ = {isa = PBXBuildFile; fileRef = 6FD2204424FA54B5008DCEEC /* SPBJIRAQueryTests.swift */; };
		6FD2204624FA54C1008DCEEC /* SPBJIRAQuery.swift in Sources */ = {isa = PBXBuildFile; fileRef = 6F6B167E24E4FC020041B8EF /* SPBJIRAQuery.swift */; };
		6FD2204724FA5618008DCEEC /* SpotlightBridge.framework in Frameworks */ = {isa = PBXBuildFile; fileRef = 6FF7C53924F1C30500C471AD /* SpotlightBridge.framework */; };
		6FD2204824FA5669008DCEEC /* JiraKit.framework in Frameworks */ = {isa = PBXBuildFile; fileRef = 6FF7C54224F1CD3F00C471AD /* JiraKit.framework */; };
		6FD2204924FA5717008DCEEC /* SPBJIRAResult.swift in Sources */ = {isa = PBXBuildFile; fileRef = 6F6B168924E5094F0041B8EF /* SPBJIRAResult.swift */; };
		6FD2204A24FA571E008DCEEC /* JIRAIssueViewController.swift in Sources */ = {isa = PBXBuildFile; fileRef = 6F6B168F24E51BA10041B8EF /* JIRAIssueViewController.swift */; };
		6FD2204B24FA5722008DCEEC /* SPBJiraManager.swift in Sources */ = {isa = PBXBuildFile; fileRef = 6FF7C5AC24F20E6100C471AD /* SPBJiraManager.swift */; };
		6FD2204C24FA5738008DCEEC /* BundleExtension.swift in Sources */ = {isa = PBXBuildFile; fileRef = 6F6B169324E51C890041B8EF /* BundleExtension.swift */; };
		6FD2204D24FA5747008DCEEC /* StringMetric.swift in Sources */ = {isa = PBXBuildFile; fileRef = 6FD2203524FA3429008DCEEC /* StringMetric.swift */; };
		6FD2205024FA580E008DCEEC /* SpotlightBridge.framework in CopyFiles */ = {isa = PBXBuildFile; fileRef = 6FF7C53924F1C30500C471AD /* SpotlightBridge.framework */; settings = {ATTRIBUTES = (CodeSignOnCopy, RemoveHeadersOnCopy, ); }; };
		6FD2205424FA6D0C008DCEEC /* JiraIssueQueryResponse.json in Resources */ = {isa = PBXBuildFile; fileRef = 6FD2205324FA6D0C008DCEEC /* JiraIssueQueryResponse.json */; };
		6FD2205624FA6E0C008DCEEC /* JiraIssueQueryResponse.json in Resources */ = {isa = PBXBuildFile; fileRef = 6FD2205324FA6D0C008DCEEC /* JiraIssueQueryResponse.json */; };
		6FF46A6424FD03F00036A753 /* main.swift in Sources */ = {isa = PBXBuildFile; fileRef = 6FF46A6324FD03F00036A753 /* main.swift */; };
		6FF7C53A24F1C30500C471AD /* SpotlightBridge.framework in Frameworks */ = {isa = PBXBuildFile; fileRef = 6FF7C53924F1C30500C471AD /* SpotlightBridge.framework */; };
		6FF7C54B24F1CD3F00C471AD /* JiraKit.framework in Frameworks */ = {isa = PBXBuildFile; fileRef = 6FF7C54224F1CD3F00C471AD /* JiraKit.framework */; };
		6FF7C55224F1CD3F00C471AD /* JIRAServices.h in Headers */ = {isa = PBXBuildFile; fileRef = 6FF7C54424F1CD3F00C471AD /* JIRAServices.h */; settings = {ATTRIBUTES = (Public, ); }; };
		6FF7C55A24F1CD6500C471AD /* JiraIssue.swift in Sources */ = {isa = PBXBuildFile; fileRef = 6F6B168D24E519830041B8EF /* JiraIssue.swift */; };
		6FF7C55B24F1CDB300C471AD /* JiraKit.framework in Frameworks */ = {isa = PBXBuildFile; fileRef = 6FF7C54224F1CD3F00C471AD /* JiraKit.framework */; settings = {ATTRIBUTES = (Required, ); }; };
		6FF7C55D24F1D07200C471AD /* JiraKit.framework in CopyFiles */ = {isa = PBXBuildFile; fileRef = 6FF7C54224F1CD3F00C471AD /* JiraKit.framework */; settings = {ATTRIBUTES = (CodeSignOnCopy, RemoveHeadersOnCopy, ); }; };
		6FF7C56324F1D60800C471AD /* JiraSessionConfigurationTests.swift in Sources */ = {isa = PBXBuildFile; fileRef = 6FF7C56224F1D60800C471AD /* JiraSessionConfigurationTests.swift */; };
		6FF7C5AD24F20E6100C471AD /* SPBJiraManager.swift in Sources */ = {isa = PBXBuildFile; fileRef = 6FF7C5AC24F20E6100C471AD /* SPBJiraManager.swift */; };
		6FF7C5AF24F227FD00C471AD /* jiraconfig.json in Resources */ = {isa = PBXBuildFile; fileRef = 6FF7C5AE24F227FD00C471AD /* jiraconfig.json */; };
/* End PBXBuildFile section */

/* Begin PBXContainerItemProxy section */
		6F1C6F6C2502523600C348A0 /* PBXContainerItemProxy */ = {
			isa = PBXContainerItemProxy;
			containerPortal = 6F6B166C24E4FB8E0041B8EF /* Project object */;
			proxyType = 1;
			remoteGlobalIDString = 6FF46A6024FD03EF0036A753;
			remoteInfo = JiraAgent;
		};
		6FF7C54C24F1CD3F00C471AD /* PBXContainerItemProxy */ = {
			isa = PBXContainerItemProxy;
			containerPortal = 6F6B166C24E4FB8E0041B8EF /* Project object */;
			proxyType = 1;
			remoteGlobalIDString = 6FF7C54124F1CD3F00C471AD;
			remoteInfo = JIRAServices;
		};
/* End PBXContainerItemProxy section */

/* Begin PBXCopyFilesBuildPhase section */
		6F6B168524E4FCA90041B8EF /* CopyFiles */ = {
			isa = PBXCopyFilesBuildPhase;
			buildActionMask = 2147483647;
			dstPath = "/Users/benjaminjohnson/Library/Application Support/SpotlightBridge";
			dstSubfolderSpec = 0;
			files = (
				6F6B168624E4FCBA0041B8EF /* JIRASpotlightBridgeExtension.bundle in CopyFiles */,
			);
			runOnlyForDeploymentPostprocessing = 0;
		};
		6FD2204F24FA5805008DCEEC /* CopyFiles */ = {
			isa = PBXCopyFilesBuildPhase;
			buildActionMask = 2147483647;
			dstPath = "";
			dstSubfolderSpec = 10;
			files = (
				6FD2205024FA580E008DCEEC /* SpotlightBridge.framework in CopyFiles */,
			);
			runOnlyForDeploymentPostprocessing = 0;
		};
		6FF7C55C24F1D04700C471AD /* CopyFiles */ = {
			isa = PBXCopyFilesBuildPhase;
			buildActionMask = 2147483647;
			dstPath = "";
			dstSubfolderSpec = 10;
			files = (
				6FF7C55D24F1D07200C471AD /* JiraKit.framework in CopyFiles */,
			);
			runOnlyForDeploymentPostprocessing = 0;
		};
/* End PBXCopyFilesBuildPhase section */

/* Begin PBXFileReference section */
		6F107F35250240B100BEA3C1 /* com.benjamin.jiraagent.plist */ = {isa = PBXFileReference; lastKnownFileType = text.plist.xml; path = com.benjamin.jiraagent.plist; sourceTree = "<group>"; };
		6F107F3F25024C8C00BEA3C1 /* JiraBridge.app */ = {isa = PBXFileReference; explicitFileType = wrapper.application; includeInIndex = 0; path = JiraBridge.app; sourceTree = BUILT_PRODUCTS_DIR; };
		6F107F4125024C8C00BEA3C1 /* AppDelegate.swift */ = {isa = PBXFileReference; lastKnownFileType = sourcecode.swift; path = AppDelegate.swift; sourceTree = "<group>"; };
		6F107F4325024C8F00BEA3C1 /* Assets.xcassets */ = {isa = PBXFileReference; lastKnownFileType = folder.assetcatalog; path = Assets.xcassets; sourceTree = "<group>"; };
		6F107F4625024C8F00BEA3C1 /* Base */ = {isa = PBXFileReference; lastKnownFileType = file.xib; name = Base; path = Base.lproj/MainMenu.xib; sourceTree = "<group>"; };
		6F107F4825024C8F00BEA3C1 /* Info.plist */ = {isa = PBXFileReference; lastKnownFileType = text.plist.xml; path = Info.plist; sourceTree = "<group>"; };
		6F16997224FB098600446CB9 /* JiraUserIssueQueryRequest.swift */ = {isa = PBXFileReference; lastKnownFileType = sourcecode.swift; path = JiraUserIssueQueryRequest.swift; sourceTree = "<group>"; };
		6F16997424FB0F6D00446CB9 /* JiraUserIssueQueryRequestTests.swift */ = {isa = PBXFileReference; lastKnownFileType = sourcecode.swift; path = JiraUserIssueQueryRequestTests.swift; sourceTree = "<group>"; };
		6F16997724FB138F00446CB9 /* APIRequest.swift */ = {isa = PBXFileReference; lastKnownFileType = sourcecode.swift; path = APIRequest.swift; sourceTree = "<group>"; };
		6F16997A24FB27D800446CB9 /* LICENSE.txt */ = {isa = PBXFileReference; fileEncoding = 4; lastKnownFileType = text; path = LICENSE.txt; sourceTree = "<group>"; };
		6F16997C24FB28C300446CB9 /* JiraUserIssueQueryTask.swift */ = {isa = PBXFileReference; lastKnownFileType = sourcecode.swift; path = JiraUserIssueQueryTask.swift; sourceTree = "<group>"; };
		6F16997F24FB80D500446CB9 /* JiraIssueManagedObject+CoreDataProperties.swift */ = {isa = PBXFileReference; lastKnownFileType = sourcecode.swift; path = "JiraIssueManagedObject+CoreDataProperties.swift"; sourceTree = "<group>"; };
		6F16998224FB8C7000446CB9 /* CircularImageView.swift */ = {isa = PBXFileReference; lastKnownFileType = sourcecode.swift; path = CircularImageView.swift; sourceTree = "<group>"; };
		6F325BCD24F5B2CC0064EF66 /* JiraSyncCoordinator.swift */ = {isa = PBXFileReference; lastKnownFileType = sourcecode.swift; path = JiraSyncCoordinator.swift; sourceTree = "<group>"; };
		6F4A8A3E24F39BAC00BEEFE6 /* JiraModel.xcdatamodel */ = {isa = PBXFileReference; lastKnownFileType = wrapper.xcdatamodel; path = JiraModel.xcdatamodel; sourceTree = "<group>"; };
		6F4E75CD250044E500AC8C74 /* JiraServiceProtocol.swift */ = {isa = PBXFileReference; lastKnownFileType = sourcecode.swift; name = JiraServiceProtocol.swift; path = ../JiraAgent/JiraServiceProtocol.swift; sourceTree = "<group>"; };
		6F6B167424E4FB8E0041B8EF /* JIRASpotlightBridgeExtension.bundle */ = {isa = PBXFileReference; explicitFileType = wrapper.cfbundle; includeInIndex = 0; path = JIRASpotlightBridgeExtension.bundle; sourceTree = BUILT_PRODUCTS_DIR; };
		6F6B167724E4FB8E0041B8EF /* Info.plist */ = {isa = PBXFileReference; lastKnownFileType = text.plist.xml; path = Info.plist; sourceTree = "<group>"; };
		6F6B167E24E4FC020041B8EF /* SPBJIRAQuery.swift */ = {isa = PBXFileReference; lastKnownFileType = sourcecode.swift; path = SPBJIRAQuery.swift; sourceTree = "<group>"; };
		6F6B168924E5094F0041B8EF /* SPBJIRAResult.swift */ = {isa = PBXFileReference; lastKnownFileType = sourcecode.swift; path = SPBJIRAResult.swift; sourceTree = "<group>"; };
		6F6B168B24E510460041B8EF /* favicon.png */ = {isa = PBXFileReference; lastKnownFileType = image.png; path = favicon.png; sourceTree = "<group>"; };
		6F6B168D24E519830041B8EF /* JiraIssue.swift */ = {isa = PBXFileReference; lastKnownFileType = sourcecode.swift; path = JiraIssue.swift; sourceTree = "<group>"; };
		6F6B168F24E51BA10041B8EF /* JIRAIssueViewController.swift */ = {isa = PBXFileReference; lastKnownFileType = sourcecode.swift; path = JIRAIssueViewController.swift; sourceTree = "<group>"; };
		6F6B169024E51BA10041B8EF /* JIRAIssueViewController.xib */ = {isa = PBXFileReference; lastKnownFileType = file.xib; path = JIRAIssueViewController.xib; sourceTree = "<group>"; };
		6F6B169324E51C890041B8EF /* BundleExtension.swift */ = {isa = PBXFileReference; lastKnownFileType = sourcecode.swift; path = BundleExtension.swift; sourceTree = "<group>"; };
		6F794E2A24F85260000411A9 /* JiraStoreTests.swift */ = {isa = PBXFileReference; lastKnownFileType = sourcecode.swift; path = JiraStoreTests.swift; sourceTree = "<group>"; };
		6F83A08E24FE2F4500638FDD /* JIRAIssue+ObjectConvertible.swift */ = {isa = PBXFileReference; lastKnownFileType = sourcecode.swift; path = "JIRAIssue+ObjectConvertible.swift"; sourceTree = "<group>"; };
		6F83A09024FE2FC900638FDD /* JiraAssignee.swift */ = {isa = PBXFileReference; lastKnownFileType = sourcecode.swift; path = JiraAssignee.swift; sourceTree = "<group>"; };
		6F86FFCB24F459E900AFE576 /* CoreDataManager.swift */ = {isa = PBXFileReference; lastKnownFileType = sourcecode.swift; path = CoreDataManager.swift; sourceTree = "<group>"; };
		6F86FFCF24F45BF400AFE576 /* JiraStore.swift */ = {isa = PBXFileReference; lastKnownFileType = sourcecode.swift; path = JiraStore.swift; sourceTree = "<group>"; };
		6F86FFD124F45D0300AFE576 /* ManagedObjectConvertible.swift */ = {isa = PBXFileReference; lastKnownFileType = sourcecode.swift; path = ManagedObjectConvertible.swift; sourceTree = "<group>"; };
		6F96ED8D24F519BC0032F956 /* JiraIssueManagedObject+CoreDataClass.swift */ = {isa = PBXFileReference; lastKnownFileType = sourcecode.swift; path = "JiraIssueManagedObject+CoreDataClass.swift"; sourceTree = "<group>"; };
		6FB4E49A250332F3006F20BB /* JiraAgent.swift */ = {isa = PBXFileReference; lastKnownFileType = sourcecode.swift; path = JiraAgent.swift; sourceTree = "<group>"; };
		6FB4E4A025033BC8006F20BB /* JiraAgentTests.xctest */ = {isa = PBXFileReference; explicitFileType = wrapper.cfbundle; includeInIndex = 0; path = JiraAgentTests.xctest; sourceTree = BUILT_PRODUCTS_DIR; };
		6FB4E4A225033BC8006F20BB /* JiraAgentTests.swift */ = {isa = PBXFileReference; lastKnownFileType = sourcecode.swift; path = JiraAgentTests.swift; sourceTree = "<group>"; };
		6FB4E4A425033BC8006F20BB /* Info.plist */ = {isa = PBXFileReference; lastKnownFileType = text.plist.xml; path = Info.plist; sourceTree = "<group>"; };
		6FB4E4AF25033E2A006F20BB /* JiraIssueTests.swift */ = {isa = PBXFileReference; lastKnownFileType = sourcecode.swift; path = JiraIssueTests.swift; sourceTree = "<group>"; };
		6FB4E4B125034D7F006F20BB /* Decodable+Context.swift */ = {isa = PBXFileReference; lastKnownFileType = sourcecode.swift; path = "Decodable+Context.swift"; sourceTree = "<group>"; };
		6FB4E4BF250370AE006F20BB /* Attribute.swift */ = {isa = PBXFileReference; lastKnownFileType = sourcecode.swift; path = Attribute.swift; sourceTree = "<group>"; };
		6FD2203424FA3429008DCEEC /* String+Extension.swift */ = {isa = PBXFileReference; fileEncoding = 4; lastKnownFileType = sourcecode.swift; path = "String+Extension.swift"; sourceTree = "<group>"; };
		6FD2203524FA3429008DCEEC /* StringMetric.swift */ = {isa = PBXFileReference; fileEncoding = 4; lastKnownFileType = sourcecode.swift; path = StringMetric.swift; sourceTree = "<group>"; };
		6FD2203C24FA547E008DCEEC /* JIRASpotlightBridgeExtensionTests.xctest */ = {isa = PBXFileReference; explicitFileType = wrapper.cfbundle; includeInIndex = 0; path = JIRASpotlightBridgeExtensionTests.xctest; sourceTree = BUILT_PRODUCTS_DIR; };
		6FD2203E24FA547E008DCEEC /* JIRASpotlightBridgeExtensionTests.swift */ = {isa = PBXFileReference; lastKnownFileType = sourcecode.swift; path = JIRASpotlightBridgeExtensionTests.swift; sourceTree = "<group>"; };
		6FD2204024FA547E008DCEEC /* Info.plist */ = {isa = PBXFileReference; lastKnownFileType = text.plist.xml; path = Info.plist; sourceTree = "<group>"; };
		6FD2204424FA54B5008DCEEC /* SPBJIRAQueryTests.swift */ = {isa = PBXFileReference; lastKnownFileType = sourcecode.swift; path = SPBJIRAQueryTests.swift; sourceTree = "<group>"; };
		6FD2205324FA6D0C008DCEEC /* JiraIssueQueryResponse.json */ = {isa = PBXFileReference; lastKnownFileType = text.json; path = JiraIssueQueryResponse.json; sourceTree = "<group>"; };
		6FF46A6124FD03EF0036A753 /* JiraAgent */ = {isa = PBXFileReference; explicitFileType = "compiled.mach-o.executable"; includeInIndex = 0; path = JiraAgent; sourceTree = BUILT_PRODUCTS_DIR; };
		6FF46A6324FD03F00036A753 /* main.swift */ = {isa = PBXFileReference; lastKnownFileType = sourcecode.swift; path = main.swift; sourceTree = "<group>"; };
		6FF7C53724F1C2F100C471AD /* Spotlight.framework */ = {isa = PBXFileReference; lastKnownFileType = wrapper.framework; name = Spotlight.framework; path = ../../../../System/Library/PrivateFrameworks/Spotlight.framework; sourceTree = "<group>"; };
		6FF7C53924F1C30500C471AD /* SpotlightBridge.framework */ = {isa = PBXFileReference; lastKnownFileType = wrapper.framework; name = SpotlightBridge.framework; path = "../../Library/Developer/Xcode/DerivedData/SpotlightBridge-ejtgnhqiidiihgdhizfcemwfkohf/Build/Products/Debug/SpotlightBridge.framework"; sourceTree = "<group>"; };
		6FF7C53B24F1CC8300C471AD /* JiraSession.swift */ = {isa = PBXFileReference; lastKnownFileType = sourcecode.swift; path = JiraSession.swift; sourceTree = "<group>"; };
		6FF7C54224F1CD3F00C471AD /* JiraKit.framework */ = {isa = PBXFileReference; explicitFileType = wrapper.framework; includeInIndex = 0; path = JiraKit.framework; sourceTree = BUILT_PRODUCTS_DIR; };
		6FF7C54424F1CD3F00C471AD /* JIRAServices.h */ = {isa = PBXFileReference; lastKnownFileType = sourcecode.c.h; path = JIRAServices.h; sourceTree = "<group>"; };
		6FF7C54524F1CD3F00C471AD /* Info.plist */ = {isa = PBXFileReference; lastKnownFileType = text.plist.xml; path = Info.plist; sourceTree = "<group>"; };
		6FF7C54A24F1CD3F00C471AD /* JIRAServicesTests.xctest */ = {isa = PBXFileReference; explicitFileType = wrapper.cfbundle; includeInIndex = 0; path = JIRAServicesTests.xctest; sourceTree = BUILT_PRODUCTS_DIR; };
		6FF7C55124F1CD3F00C471AD /* Info.plist */ = {isa = PBXFileReference; lastKnownFileType = text.plist.xml; path = Info.plist; sourceTree = "<group>"; };
		6FF7C55E24F1D1ED00C471AD /* JiraSessionConfiguration.swift */ = {isa = PBXFileReference; lastKnownFileType = sourcecode.swift; path = JiraSessionConfiguration.swift; sourceTree = "<group>"; };
		6FF7C56024F1D2BD00C471AD /* JiraSessionTests.swift */ = {isa = PBXFileReference; lastKnownFileType = sourcecode.swift; path = JiraSessionTests.swift; sourceTree = "<group>"; };
		6FF7C56224F1D60800C471AD /* JiraSessionConfigurationTests.swift */ = {isa = PBXFileReference; lastKnownFileType = sourcecode.swift; path = JiraSessionConfigurationTests.swift; sourceTree = "<group>"; };
		6FF7C5AA24F20C5900C471AD /* JiraIssueQueryResponse.swift */ = {isa = PBXFileReference; lastKnownFileType = sourcecode.swift; path = JiraIssueQueryResponse.swift; sourceTree = "<group>"; };
		6FF7C5AC24F20E6100C471AD /* SPBJiraManager.swift */ = {isa = PBXFileReference; lastKnownFileType = sourcecode.swift; path = SPBJiraManager.swift; sourceTree = "<group>"; };
		6FF7C5AE24F227FD00C471AD /* jiraconfig.json */ = {isa = PBXFileReference; lastKnownFileType = text.json; name = jiraconfig.json; path = JIRASpotlightBridgeExtension/jiraconfig.json; sourceTree = "<group>"; };
/* End PBXFileReference section */

/* Begin PBXFrameworksBuildPhase section */
		6F107F3C25024C8C00BEA3C1 /* Frameworks */ = {
			isa = PBXFrameworksBuildPhase;
			buildActionMask = 2147483647;
			files = (
			);
			runOnlyForDeploymentPostprocessing = 0;
		};
		6F6B167124E4FB8E0041B8EF /* Frameworks */ = {
			isa = PBXFrameworksBuildPhase;
			buildActionMask = 2147483647;
			files = (
				6FF7C55B24F1CDB300C471AD /* JiraKit.framework in Frameworks */,
				6FF7C53A24F1C30500C471AD /* SpotlightBridge.framework in Frameworks */,
			);
			runOnlyForDeploymentPostprocessing = 0;
		};
		6FB4E49D25033BC8006F20BB /* Frameworks */ = {
			isa = PBXFrameworksBuildPhase;
			buildActionMask = 2147483647;
			files = (
			);
			runOnlyForDeploymentPostprocessing = 0;
		};
		6FD2203924FA547E008DCEEC /* Frameworks */ = {
			isa = PBXFrameworksBuildPhase;
			buildActionMask = 2147483647;
			files = (
				6FD2204824FA5669008DCEEC /* JiraKit.framework in Frameworks */,
				6FD2204724FA5618008DCEEC /* SpotlightBridge.framework in Frameworks */,
			);
			runOnlyForDeploymentPostprocessing = 0;
		};
		6FF46A5E24FD03EF0036A753 /* Frameworks */ = {
			isa = PBXFrameworksBuildPhase;
			buildActionMask = 2147483647;
			files = (
				6F7118BF2502DDB00082A86E /* JiraKit.framework in Frameworks */,
			);
			runOnlyForDeploymentPostprocessing = 0;
		};
		6FF7C53F24F1CD3F00C471AD /* Frameworks */ = {
			isa = PBXFrameworksBuildPhase;
			buildActionMask = 2147483647;
			files = (
			);
			runOnlyForDeploymentPostprocessing = 0;
		};
		6FF7C54724F1CD3F00C471AD /* Frameworks */ = {
			isa = PBXFrameworksBuildPhase;
			buildActionMask = 2147483647;
			files = (
				6FF7C54B24F1CD3F00C471AD /* JiraKit.framework in Frameworks */,
			);
			runOnlyForDeploymentPostprocessing = 0;
		};
/* End PBXFrameworksBuildPhase section */

/* Begin PBXGroup section */
		6F107F4025024C8C00BEA3C1 /* JiraBridge */ = {
			isa = PBXGroup;
			children = (
				6F107F4125024C8C00BEA3C1 /* AppDelegate.swift */,
				6F107F4325024C8F00BEA3C1 /* Assets.xcassets */,
				6F107F4525024C8F00BEA3C1 /* MainMenu.xib */,
				6F107F4825024C8F00BEA3C1 /* Info.plist */,
			);
			path = JiraBridge;
			sourceTree = "<group>";
		};
		6F16997924FB279F00446CB9 /* StringMetric */ = {
			isa = PBXGroup;
			children = (
				6F16997A24FB27D800446CB9 /* LICENSE.txt */,
				6FD2203424FA3429008DCEEC /* String+Extension.swift */,
				6FD2203524FA3429008DCEEC /* StringMetric.swift */,
			);
			path = StringMetric;
			sourceTree = "<group>";
		};
		6F6B166B24E4FB8E0041B8EF = {
			isa = PBXGroup;
			children = (
				6FF7C5AE24F227FD00C471AD /* jiraconfig.json */,
				6F6B167624E4FB8E0041B8EF /* JIRASpotlightBridgeExtension */,
				6FF7C54324F1CD3F00C471AD /* JiraKit */,
				6FF7C54E24F1CD3F00C471AD /* JIRAServicesTests */,
				6FD2203D24FA547E008DCEEC /* JIRASpotlightBridgeExtensionTests */,
				6FB4E4A125033BC8006F20BB /* JiraAgentTests */,
				6FF46A6224FD03F00036A753 /* JiraAgent */,
				6F107F4025024C8C00BEA3C1 /* JiraBridge */,
				6F6B167524E4FB8E0041B8EF /* Products */,
				6F6B168024E4FC970041B8EF /* Frameworks */,
			);
			sourceTree = "<group>";
		};
		6F6B167524E4FB8E0041B8EF /* Products */ = {
			isa = PBXGroup;
			children = (
				6F6B167424E4FB8E0041B8EF /* JIRASpotlightBridgeExtension.bundle */,
				6FF7C54224F1CD3F00C471AD /* JiraKit.framework */,
				6FF7C54A24F1CD3F00C471AD /* JIRAServicesTests.xctest */,
				6FD2203C24FA547E008DCEEC /* JIRASpotlightBridgeExtensionTests.xctest */,
				6FF46A6124FD03EF0036A753 /* JiraAgent */,
				6F107F3F25024C8C00BEA3C1 /* JiraBridge.app */,
				6FB4E4A025033BC8006F20BB /* JiraAgentTests.xctest */,
			);
			name = Products;
			sourceTree = "<group>";
		};
		6F6B167624E4FB8E0041B8EF /* JIRASpotlightBridgeExtension */ = {
			isa = PBXGroup;
			children = (
				6F6B168B24E510460041B8EF /* favicon.png */,
				6F16997924FB279F00446CB9 /* StringMetric */,
				6F6B167724E4FB8E0041B8EF /* Info.plist */,
				6F6B167E24E4FC020041B8EF /* SPBJIRAQuery.swift */,
				6F6B168924E5094F0041B8EF /* SPBJIRAResult.swift */,
				6F6B168F24E51BA10041B8EF /* JIRAIssueViewController.swift */,
				6F6B169024E51BA10041B8EF /* JIRAIssueViewController.xib */,
				6F6B169324E51C890041B8EF /* BundleExtension.swift */,
				6FF7C5AC24F20E6100C471AD /* SPBJiraManager.swift */,
				6F16998224FB8C7000446CB9 /* CircularImageView.swift */,
				6FB4E4BF250370AE006F20BB /* Attribute.swift */,
			);
			path = JIRASpotlightBridgeExtension;
			sourceTree = "<group>";
		};
		6F6B168024E4FC970041B8EF /* Frameworks */ = {
			isa = PBXGroup;
			children = (
				6FF7C53924F1C30500C471AD /* SpotlightBridge.framework */,
				6FF7C53724F1C2F100C471AD /* Spotlight.framework */,
			);
			name = Frameworks;
			sourceTree = "<group>";
		};
		6FB4E4A125033BC8006F20BB /* JiraAgentTests */ = {
			isa = PBXGroup;
			children = (
				6FD2205324FA6D0C008DCEEC /* JiraIssueQueryResponse.json */,
				6F794E2A24F85260000411A9 /* JiraStoreTests.swift */,
				6F16997424FB0F6D00446CB9 /* JiraUserIssueQueryRequestTests.swift */,
				6FB4E4A225033BC8006F20BB /* JiraAgentTests.swift */,
				6FF7C56024F1D2BD00C471AD /* JiraSessionTests.swift */,
				6FB4E4A425033BC8006F20BB /* Info.plist */,
			);
			path = JiraAgentTests;
			sourceTree = "<group>";
		};
		6FD2203D24FA547E008DCEEC /* JIRASpotlightBridgeExtensionTests */ = {
			isa = PBXGroup;
			children = (
				6FD2203E24FA547E008DCEEC /* JIRASpotlightBridgeExtensionTests.swift */,
				6FD2204024FA547E008DCEEC /* Info.plist */,
				6FD2204424FA54B5008DCEEC /* SPBJIRAQueryTests.swift */,
			);
			path = JIRASpotlightBridgeExtensionTests;
			sourceTree = "<group>";
		};
		6FF46A6224FD03F00036A753 /* JiraAgent */ = {
			isa = PBXGroup;
			children = (
				6F86FFCB24F459E900AFE576 /* CoreDataManager.swift */,
				6F86FFD124F45D0300AFE576 /* ManagedObjectConvertible.swift */,
				6F96ED8D24F519BC0032F956 /* JiraIssueManagedObject+CoreDataClass.swift */,
				6F16997F24FB80D500446CB9 /* JiraIssueManagedObject+CoreDataProperties.swift */,
				6F4A8A3D24F39BAC00BEEFE6 /* JiraModel.xcdatamodeld */,
				6F86FFCF24F45BF400AFE576 /* JiraStore.swift */,
				6F325BCD24F5B2CC0064EF66 /* JiraSyncCoordinator.swift */,
				6FF7C5AA24F20C5900C471AD /* JiraIssueQueryResponse.swift */,
				6FF7C53B24F1CC8300C471AD /* JiraSession.swift */,
				6F16997224FB098600446CB9 /* JiraUserIssueQueryRequest.swift */,
				6F16997724FB138F00446CB9 /* APIRequest.swift */,
				6F16997C24FB28C300446CB9 /* JiraUserIssueQueryTask.swift */,
				6FF46A6324FD03F00036A753 /* main.swift */,
				6F83A08E24FE2F4500638FDD /* JIRAIssue+ObjectConvertible.swift */,
				6F107F35250240B100BEA3C1 /* com.benjamin.jiraagent.plist */,
				6FB4E49A250332F3006F20BB /* JiraAgent.swift */,
			);
			path = JiraAgent;
			sourceTree = "<group>";
		};
		6FF7C54324F1CD3F00C471AD /* JiraKit */ = {
			isa = PBXGroup;
			children = (
				6F4E75CD250044E500AC8C74 /* JiraServiceProtocol.swift */,
				6F6B168D24E519830041B8EF /* JiraIssue.swift */,
				6FF7C54424F1CD3F00C471AD /* JIRAServices.h */,
				6FF7C54524F1CD3F00C471AD /* Info.plist */,
				6FF7C55E24F1D1ED00C471AD /* JiraSessionConfiguration.swift */,
				6F83A09024FE2FC900638FDD /* JiraAssignee.swift */,
				6FB4E4B125034D7F006F20BB /* Decodable+Context.swift */,
			);
			path = JiraKit;
			sourceTree = "<group>";
		};
		6FF7C54E24F1CD3F00C471AD /* JIRAServicesTests */ = {
			isa = PBXGroup;
			children = (
				6FF7C55124F1CD3F00C471AD /* Info.plist */,
				6FF7C56224F1D60800C471AD /* JiraSessionConfigurationTests.swift */,
				6FB4E4AF25033E2A006F20BB /* JiraIssueTests.swift */,
			);
			path = JIRAServicesTests;
			sourceTree = "<group>";
		};
/* End PBXGroup section */

/* Begin PBXHeadersBuildPhase section */
		6FF7C53D24F1CD3F00C471AD /* Headers */ = {
			isa = PBXHeadersBuildPhase;
			buildActionMask = 2147483647;
			files = (
				6FF7C55224F1CD3F00C471AD /* JIRAServices.h in Headers */,
			);
			runOnlyForDeploymentPostprocessing = 0;
		};
/* End PBXHeadersBuildPhase section */

/* Begin PBXNativeTarget section */
		6F107F3E25024C8C00BEA3C1 /* JiraBridge */ = {
			isa = PBXNativeTarget;
			buildConfigurationList = 6F107F4C25024C8F00BEA3C1 /* Build configuration list for PBXNativeTarget "JiraBridge" */;
			buildPhases = (
				6F107F3B25024C8C00BEA3C1 /* Sources */,
				6F107F3C25024C8C00BEA3C1 /* Frameworks */,
				6F107F3D25024C8C00BEA3C1 /* Resources */,
			);
			buildRules = (
			);
			dependencies = (
				6F1C6F6D2502523600C348A0 /* PBXTargetDependency */,
			);
			name = JiraBridge;
			productName = JiraBridge;
			productReference = 6F107F3F25024C8C00BEA3C1 /* JiraBridge.app */;
			productType = "com.apple.product-type.application";
		};
		6F6B167324E4FB8E0041B8EF /* JIRASpotlightBridgeExtension */ = {
			isa = PBXNativeTarget;
			buildConfigurationList = 6F6B167A24E4FB8E0041B8EF /* Build configuration list for PBXNativeTarget "JIRASpotlightBridgeExtension" */;
			buildPhases = (
				6F6B167024E4FB8E0041B8EF /* Sources */,
				6F6B167124E4FB8E0041B8EF /* Frameworks */,
				6F6B167224E4FB8E0041B8EF /* Resources */,
				6FF7C55C24F1D04700C471AD /* CopyFiles */,
				6F6B168524E4FCA90041B8EF /* CopyFiles */,
			);
			buildRules = (
			);
			dependencies = (
			);
			name = JIRASpotlightBridgeExtension;
			productName = JIRASpotlightBridgeExtension;
			productReference = 6F6B167424E4FB8E0041B8EF /* JIRASpotlightBridgeExtension.bundle */;
			productType = "com.apple.product-type.bundle";
		};
		6FB4E49F25033BC8006F20BB /* JiraAgentTests */ = {
			isa = PBXNativeTarget;
			buildConfigurationList = 6FB4E4A525033BC8006F20BB /* Build configuration list for PBXNativeTarget "JiraAgentTests" */;
			buildPhases = (
				6FB4E49C25033BC8006F20BB /* Sources */,
				6FB4E49D25033BC8006F20BB /* Frameworks */,
				6FB4E49E25033BC8006F20BB /* Resources */,
			);
			buildRules = (
			);
			dependencies = (
			);
			name = JiraAgentTests;
			productName = JiraAgentTests;
			productReference = 6FB4E4A025033BC8006F20BB /* JiraAgentTests.xctest */;
			productType = "com.apple.product-type.bundle.unit-test";
		};
		6FD2203B24FA547E008DCEEC /* JIRASpotlightBridgeExtensionTests */ = {
			isa = PBXNativeTarget;
			buildConfigurationList = 6FD2204124FA547E008DCEEC /* Build configuration list for PBXNativeTarget "JIRASpotlightBridgeExtensionTests" */;
			buildPhases = (
				6FD2203824FA547E008DCEEC /* Sources */,
				6FD2203924FA547E008DCEEC /* Frameworks */,
				6FD2203A24FA547E008DCEEC /* Resources */,
				6FD2204F24FA5805008DCEEC /* CopyFiles */,
			);
			buildRules = (
			);
			dependencies = (
			);
			name = JIRASpotlightBridgeExtensionTests;
			productName = JIRASpotlightBridgeExtensionTests;
			productReference = 6FD2203C24FA547E008DCEEC /* JIRASpotlightBridgeExtensionTests.xctest */;
			productType = "com.apple.product-type.bundle.unit-test";
		};
		6FF46A6024FD03EF0036A753 /* JiraAgent */ = {
			isa = PBXNativeTarget;
			buildConfigurationList = 6FF46A6724FD03F00036A753 /* Build configuration list for PBXNativeTarget "JiraAgent" */;
			buildPhases = (
				6FF46A5D24FD03EF0036A753 /* Sources */,
				6FF46A5E24FD03EF0036A753 /* Frameworks */,
			);
			buildRules = (
			);
			dependencies = (
			);
			name = JiraAgent;
			productName = JiraAgent;
			productReference = 6FF46A6124FD03EF0036A753 /* JiraAgent */;
			productType = "com.apple.product-type.tool";
		};
		6FF7C54124F1CD3F00C471AD /* JiraKit */ = {
			isa = PBXNativeTarget;
			buildConfigurationList = 6FF7C55324F1CD3F00C471AD /* Build configuration list for PBXNativeTarget "JiraKit" */;
			buildPhases = (
				6FF7C53D24F1CD3F00C471AD /* Headers */,
				6FF7C53E24F1CD3F00C471AD /* Sources */,
				6FF7C53F24F1CD3F00C471AD /* Frameworks */,
				6FF7C54024F1CD3F00C471AD /* Resources */,
			);
			buildRules = (
			);
			dependencies = (
			);
			name = JiraKit;
			productName = JIRAServices;
			productReference = 6FF7C54224F1CD3F00C471AD /* JiraKit.framework */;
			productType = "com.apple.product-type.framework";
		};
		6FF7C54924F1CD3F00C471AD /* JIRAServicesTests */ = {
			isa = PBXNativeTarget;
			buildConfigurationList = 6FF7C55624F1CD3F00C471AD /* Build configuration list for PBXNativeTarget "JIRAServicesTests" */;
			buildPhases = (
				6FF7C54624F1CD3F00C471AD /* Sources */,
				6FF7C54724F1CD3F00C471AD /* Frameworks */,
				6FF7C54824F1CD3F00C471AD /* Resources */,
			);
			buildRules = (
			);
			dependencies = (
				6FF7C54D24F1CD3F00C471AD /* PBXTargetDependency */,
			);
			name = JIRAServicesTests;
			productName = JIRAServicesTests;
			productReference = 6FF7C54A24F1CD3F00C471AD /* JIRAServicesTests.xctest */;
			productType = "com.apple.product-type.bundle.unit-test";
		};
/* End PBXNativeTarget section */

/* Begin PBXProject section */
		6F6B166C24E4FB8E0041B8EF /* Project object */ = {
			isa = PBXProject;
			attributes = {
				LastSwiftUpdateCheck = 1020;
				LastUpgradeCheck = 1160;
				ORGANIZATIONNAME = "Benjamin Johnson";
				TargetAttributes = {
					6F107F3E25024C8C00BEA3C1 = {
						CreatedOnToolsVersion = 10.2.1;
						SystemCapabilities = {
							com.apple.Sandbox = {
								enabled = 0;
							};
						};
					};
					6F6B167324E4FB8E0041B8EF = {
						CreatedOnToolsVersion = 11.6;
						LastSwiftMigration = 1160;
					};
					6FB4E49F25033BC8006F20BB = {
						CreatedOnToolsVersion = 10.2.1;
					};
					6FD2203B24FA547E008DCEEC = {
						CreatedOnToolsVersion = 10.2.1;
					};
					6FF46A6024FD03EF0036A753 = {
						CreatedOnToolsVersion = 10.2.1;
					};
					6FF7C54124F1CD3F00C471AD = {
						CreatedOnToolsVersion = 10.2.1;
						LastSwiftMigration = 1020;
					};
					6FF7C54924F1CD3F00C471AD = {
						CreatedOnToolsVersion = 10.2.1;
					};
				};
			};
			buildConfigurationList = 6F6B166F24E4FB8E0041B8EF /* Build configuration list for PBXProject "JIRASpotlightBridgeExtension" */;
			compatibilityVersion = "Xcode 9.3";
			developmentRegion = en;
			hasScannedForEncodings = 0;
			knownRegions = (
				en,
				Base,
			);
			mainGroup = 6F6B166B24E4FB8E0041B8EF;
			productRefGroup = 6F6B167524E4FB8E0041B8EF /* Products */;
			projectDirPath = "";
			projectRoot = "";
			targets = (
				6F6B167324E4FB8E0041B8EF /* JIRASpotlightBridgeExtension */,
				6FF7C54124F1CD3F00C471AD /* JiraKit */,
				6FF7C54924F1CD3F00C471AD /* JIRAServicesTests */,
				6FD2203B24FA547E008DCEEC /* JIRASpotlightBridgeExtensionTests */,
				6FF46A6024FD03EF0036A753 /* JiraAgent */,
				6F107F3E25024C8C00BEA3C1 /* JiraBridge */,
				6FB4E49F25033BC8006F20BB /* JiraAgentTests */,
			);
		};
/* End PBXProject section */

/* Begin PBXResourcesBuildPhase section */
		6F107F3D25024C8C00BEA3C1 /* Resources */ = {
			isa = PBXResourcesBuildPhase;
			buildActionMask = 2147483647;
			files = (
				6F7118C02502E0C20082A86E /* jiraconfig.json in Resources */,
				6F1C6F6E250254C400C348A0 /* JiraKit.framework in Resources */,
				6F1C6F6B250251BD00C348A0 /* JiraAgent in Resources */,
				6F107F4425024C8F00BEA3C1 /* Assets.xcassets in Resources */,
				6F107F4725024C8F00BEA3C1 /* MainMenu.xib in Resources */,
			);
			runOnlyForDeploymentPostprocessing = 0;
		};
		6F6B167224E4FB8E0041B8EF /* Resources */ = {
			isa = PBXResourcesBuildPhase;
			buildActionMask = 2147483647;
			files = (
				6F16997B24FB27D800446CB9 /* LICENSE.txt in Resources */,
				6F6B169224E51BA10041B8EF /* JIRAIssueViewController.xib in Resources */,
				6F6B168C24E510460041B8EF /* favicon.png in Resources */,
				6FF7C5AF24F227FD00C471AD /* jiraconfig.json in Resources */,
			);
			runOnlyForDeploymentPostprocessing = 0;
		};
		6FB4E49E25033BC8006F20BB /* Resources */ = {
			isa = PBXResourcesBuildPhase;
			buildActionMask = 2147483647;
			files = (
				6FB4E4BD25036684006F20BB /* JiraIssueQueryResponse.json in Resources */,
				6FB4E4BC25036647006F20BB /* JiraModel.xcdatamodeld in Resources */,
			);
			runOnlyForDeploymentPostprocessing = 0;
		};
		6FD2203A24FA547E008DCEEC /* Resources */ = {
			isa = PBXResourcesBuildPhase;
			buildActionMask = 2147483647;
			files = (
				6FD2205624FA6E0C008DCEEC /* JiraIssueQueryResponse.json in Resources */,
			);
			runOnlyForDeploymentPostprocessing = 0;
		};
		6FF7C54024F1CD3F00C471AD /* Resources */ = {
			isa = PBXResourcesBuildPhase;
			buildActionMask = 2147483647;
			files = (
			);
			runOnlyForDeploymentPostprocessing = 0;
		};
		6FF7C54824F1CD3F00C471AD /* Resources */ = {
			isa = PBXResourcesBuildPhase;
			buildActionMask = 2147483647;
			files = (
				6FD2205424FA6D0C008DCEEC /* JiraIssueQueryResponse.json in Resources */,
			);
			runOnlyForDeploymentPostprocessing = 0;
		};
/* End PBXResourcesBuildPhase section */

/* Begin PBXSourcesBuildPhase section */
		6F107F3B25024C8C00BEA3C1 /* Sources */ = {
			isa = PBXSourcesBuildPhase;
			buildActionMask = 2147483647;
			files = (
				6F107F4225024C8C00BEA3C1 /* AppDelegate.swift in Sources */,
			);
			runOnlyForDeploymentPostprocessing = 0;
		};
		6F6B167024E4FB8E0041B8EF /* Sources */ = {
			isa = PBXSourcesBuildPhase;
			buildActionMask = 2147483647;
			files = (
				6FD2203724FA3429008DCEEC /* StringMetric.swift in Sources */,
				6F6B169424E51C890041B8EF /* BundleExtension.swift in Sources */,
				6F6B168A24E5094F0041B8EF /* SPBJIRAResult.swift in Sources */,
				6FB4E4C0250370AE006F20BB /* Attribute.swift in Sources */,
				6FF7C5AD24F20E6100C471AD /* SPBJiraManager.swift in Sources */,
				6F6B169124E51BA10041B8EF /* JIRAIssueViewController.swift in Sources */,
				6F16998324FB8C7000446CB9 /* CircularImageView.swift in Sources */,
				6FD2203624FA3429008DCEEC /* String+Extension.swift in Sources */,
				6F6B167F24E4FC020041B8EF /* SPBJIRAQuery.swift in Sources */,
			);
			runOnlyForDeploymentPostprocessing = 0;
		};
		6FB4E49C25033BC8006F20BB /* Sources */ = {
			isa = PBXSourcesBuildPhase;
			buildActionMask = 2147483647;
			files = (
				6FB4E4BA25036603006F20BB /* ManagedObjectConvertible.swift in Sources */,
				6FB4E4B525035549006F20BB /* JiraIssueQueryResponse.swift in Sources */,
				6FB4E4B7250365DC006F20BB /* JiraUserIssueQueryTask.swift in Sources */,
				6FB4E4A325033BC8006F20BB /* JiraAgentTests.swift in Sources */,
				6FB4E4AA25033CB6006F20BB /* JiraStoreTests.swift in Sources */,
				6FB4E4B8250365F2006F20BB /* JiraIssueManagedObject+CoreDataClass.swift in Sources */,
				6FB4E4B9250365F4006F20BB /* JiraIssueManagedObject+CoreDataProperties.swift in Sources */,
				6FB4E4B325035129006F20BB /* JiraSessionTests.swift in Sources */,
				6FB4E4AD25033D36006F20BB /* JiraSession.swift in Sources */,
				6FB4E4A925033C47006F20BB /* JiraUserIssueQueryRequest.swift in Sources */,
				6FB4E4A825033C32006F20BB /* JiraUserIssueQueryRequestTests.swift in Sources */,
				6FB4E4B425035528006F20BB /* CoreDataManager.swift in Sources */,
				6FB4E4B6250365CD006F20BB /* APIRequest.swift in Sources */,
				6FB4E4BB2503660C006F20BB /* JIRAIssue+ObjectConvertible.swift in Sources */,
				6FB4E4AC25033CCC006F20BB /* JiraStore.swift in Sources */,
			);
			runOnlyForDeploymentPostprocessing = 0;
		};
		6FD2203824FA547E008DCEEC /* Sources */ = {
			isa = PBXSourcesBuildPhase;
			buildActionMask = 2147483647;
			files = (
				6FD2204D24FA5747008DCEEC /* StringMetric.swift in Sources */,
				6FB4E4BE25036EFD006F20BB /* CircularImageView.swift in Sources */,
				6FD2204924FA5717008DCEEC /* SPBJIRAResult.swift in Sources */,
				6FD2204624FA54C1008DCEEC /* SPBJIRAQuery.swift in Sources */,
				6FD2204A24FA571E008DCEEC /* JIRAIssueViewController.swift in Sources */,
				6FD2204C24FA5738008DCEEC /* BundleExtension.swift in Sources */,
				6FD2204B24FA5722008DCEEC /* SPBJiraManager.swift in Sources */,
				6FD2204524FA54B5008DCEEC /* SPBJIRAQueryTests.swift in Sources */,
				6FD2203F24FA547E008DCEEC /* JIRASpotlightBridgeExtensionTests.swift in Sources */,
			);
			runOnlyForDeploymentPostprocessing = 0;
		};
		6FF46A5D24FD03EF0036A753 /* Sources */ = {
			isa = PBXSourcesBuildPhase;
			buildActionMask = 2147483647;
			files = (
				6F83A08324FD987200638FDD /* JiraUserIssueQueryTask.swift in Sources */,
				6F83A08424FD987600638FDD /* APIRequest.swift in Sources */,
				6F83A08B24FE2DAC00638FDD /* JiraIssueManagedObject+CoreDataClass.swift in Sources */,
				6F83A08A24FE2DAC00638FDD /* JiraIssueManagedObject+CoreDataProperties.swift in Sources */,
				6F83A08C24FE2DEC00638FDD /* ManagedObjectConvertible.swift in Sources */,
				6F4E396A24FEEB1200623746 /* JiraModel.xcdatamodeld in Sources */,
				6F83A08F24FE2F4500638FDD /* JIRAIssue+ObjectConvertible.swift in Sources */,
				6FF46A6424FD03F00036A753 /* main.swift in Sources */,
				6F83A08D24FE2E3C00638FDD /* CoreDataManager.swift in Sources */,
				6F83A08824FE2D7100638FDD /* JiraSyncCoordinator.swift in Sources */,
				6F83A08724FE239000638FDD /* JiraIssueQueryResponse.swift in Sources */,
				6F83A08924FE2D8400638FDD /* JiraStore.swift in Sources */,
				6F83A08524FD987E00638FDD /* JiraUserIssueQueryRequest.swift in Sources */,
				6FB4E49B250332F3006F20BB /* JiraAgent.swift in Sources */,
				6F83A08624FD98AD00638FDD /* JiraSession.swift in Sources */,
			);
			runOnlyForDeploymentPostprocessing = 0;
		};
		6FF7C53E24F1CD3F00C471AD /* Sources */ = {
			isa = PBXSourcesBuildPhase;
			buildActionMask = 2147483647;
			files = (
				6FF7C55A24F1CD6500C471AD /* JiraIssue.swift in Sources */,
				6FB4E4B225034D7F006F20BB /* Decodable+Context.swift in Sources */,
				6F4E75D12500F76B00AC8C74 /* JiraServiceProtocol.swift in Sources */,
				6F83A09124FE2FC900638FDD /* JiraAssignee.swift in Sources */,
				6F83A08224FD986B00638FDD /* JiraSessionConfiguration.swift in Sources */,
			);
			runOnlyForDeploymentPostprocessing = 0;
		};
		6FF7C54624F1CD3F00C471AD /* Sources */ = {
			isa = PBXSourcesBuildPhase;
			buildActionMask = 2147483647;
			files = (
				6FB4E4B025033E2A006F20BB /* JiraIssueTests.swift in Sources */,
				6F794E2C24F8526A000411A9 /* JiraModel.xcdatamodeld in Sources */,
				6FF7C56324F1D60800C471AD /* JiraSessionConfigurationTests.swift in Sources */,
			);
			runOnlyForDeploymentPostprocessing = 0;
		};
/* End PBXSourcesBuildPhase section */

/* Begin PBXTargetDependency section */
		6F1C6F6D2502523600C348A0 /* PBXTargetDependency */ = {
			isa = PBXTargetDependency;
			target = 6FF46A6024FD03EF0036A753 /* JiraAgent */;
			targetProxy = 6F1C6F6C2502523600C348A0 /* PBXContainerItemProxy */;
		};
		6FF7C54D24F1CD3F00C471AD /* PBXTargetDependency */ = {
			isa = PBXTargetDependency;
			target = 6FF7C54124F1CD3F00C471AD /* JiraKit */;
			targetProxy = 6FF7C54C24F1CD3F00C471AD /* PBXContainerItemProxy */;
		};
/* End PBXTargetDependency section */

/* Begin PBXVariantGroup section */
		6F107F4525024C8F00BEA3C1 /* MainMenu.xib */ = {
			isa = PBXVariantGroup;
			children = (
				6F107F4625024C8F00BEA3C1 /* Base */,
			);
			name = MainMenu.xib;
			sourceTree = "<group>";
		};
/* End PBXVariantGroup section */

/* Begin XCBuildConfiguration section */
		6F107F4A25024C8F00BEA3C1 /* Debug */ = {
			isa = XCBuildConfiguration;
			buildSettings = {
				ASSETCATALOG_COMPILER_APPICON_NAME = AppIcon;
				CODE_SIGN_IDENTITY = "Mac Developer";
				CODE_SIGN_STYLE = Automatic;
				COMBINE_HIDPI_IMAGES = YES;
				DEVELOPMENT_TEAM = 8X8G29CCGH;
				INFOPLIST_FILE = JiraBridge/Info.plist;
				LD_RUNPATH_SEARCH_PATHS = (
					"$(inherited)",
					"@executable_path/../Frameworks",
				);
				MACOSX_DEPLOYMENT_TARGET = 10.14;
				PRODUCT_BUNDLE_IDENTIFIER = benjaminjohnson.JiraBridge;
				PRODUCT_NAME = "$(TARGET_NAME)";
				SWIFT_ACTIVE_COMPILATION_CONDITIONS = DEBUG;
				SWIFT_OPTIMIZATION_LEVEL = "-Onone";
				SWIFT_VERSION = 5.0;
			};
			name = Debug;
		};
		6F107F4B25024C8F00BEA3C1 /* Release */ = {
			isa = XCBuildConfiguration;
			buildSettings = {
				ASSETCATALOG_COMPILER_APPICON_NAME = AppIcon;
				CODE_SIGN_IDENTITY = "Mac Developer";
				CODE_SIGN_STYLE = Automatic;
				COMBINE_HIDPI_IMAGES = YES;
				DEVELOPMENT_TEAM = 8X8G29CCGH;
				INFOPLIST_FILE = JiraBridge/Info.plist;
				LD_RUNPATH_SEARCH_PATHS = (
					"$(inherited)",
					"@executable_path/../Frameworks",
				);
				MACOSX_DEPLOYMENT_TARGET = 10.14;
				PRODUCT_BUNDLE_IDENTIFIER = benjaminjohnson.JiraBridge;
				PRODUCT_NAME = "$(TARGET_NAME)";
				SWIFT_COMPILATION_MODE = wholemodule;
				SWIFT_OPTIMIZATION_LEVEL = "-O";
				SWIFT_VERSION = 5.0;
			};
			name = Release;
		};
		6F6B167824E4FB8E0041B8EF /* Debug */ = {
			isa = XCBuildConfiguration;
			buildSettings = {
				ALWAYS_SEARCH_USER_PATHS = NO;
				CLANG_ANALYZER_NONNULL = YES;
				CLANG_ANALYZER_NUMBER_OBJECT_CONVERSION = YES_AGGRESSIVE;
				CLANG_CXX_LANGUAGE_STANDARD = "gnu++14";
				CLANG_CXX_LIBRARY = "libc++";
				CLANG_ENABLE_MODULES = YES;
				CLANG_ENABLE_OBJC_ARC = YES;
				CLANG_ENABLE_OBJC_WEAK = YES;
				CLANG_WARN_BLOCK_CAPTURE_AUTORELEASING = YES;
				CLANG_WARN_BOOL_CONVERSION = YES;
				CLANG_WARN_COMMA = YES;
				CLANG_WARN_CONSTANT_CONVERSION = YES;
				CLANG_WARN_DEPRECATED_OBJC_IMPLEMENTATIONS = YES;
				CLANG_WARN_DIRECT_OBJC_ISA_USAGE = YES_ERROR;
				CLANG_WARN_DOCUMENTATION_COMMENTS = YES;
				CLANG_WARN_EMPTY_BODY = YES;
				CLANG_WARN_ENUM_CONVERSION = YES;
				CLANG_WARN_INFINITE_RECURSION = YES;
				CLANG_WARN_INT_CONVERSION = YES;
				CLANG_WARN_NON_LITERAL_NULL_CONVERSION = YES;
				CLANG_WARN_OBJC_IMPLICIT_RETAIN_SELF = YES;
				CLANG_WARN_OBJC_LITERAL_CONVERSION = YES;
				CLANG_WARN_OBJC_ROOT_CLASS = YES_ERROR;
				CLANG_WARN_RANGE_LOOP_ANALYSIS = YES;
				CLANG_WARN_STRICT_PROTOTYPES = YES;
				CLANG_WARN_SUSPICIOUS_MOVE = YES;
				CLANG_WARN_UNGUARDED_AVAILABILITY = YES_AGGRESSIVE;
				CLANG_WARN_UNREACHABLE_CODE = YES;
				CLANG_WARN__DUPLICATE_METHOD_MATCH = YES;
				COPY_PHASE_STRIP = NO;
				DEBUG_INFORMATION_FORMAT = dwarf;
				ENABLE_STRICT_OBJC_MSGSEND = YES;
				ENABLE_TESTABILITY = YES;
				GCC_C_LANGUAGE_STANDARD = gnu11;
				GCC_DYNAMIC_NO_PIC = NO;
				GCC_NO_COMMON_BLOCKS = YES;
				GCC_OPTIMIZATION_LEVEL = 0;
				GCC_PREPROCESSOR_DEFINITIONS = (
					"DEBUG=1",
					"$(inherited)",
				);
				GCC_WARN_64_TO_32_BIT_CONVERSION = YES;
				GCC_WARN_ABOUT_RETURN_TYPE = YES_ERROR;
				GCC_WARN_UNDECLARED_SELECTOR = YES;
				GCC_WARN_UNINITIALIZED_AUTOS = YES_AGGRESSIVE;
				GCC_WARN_UNUSED_FUNCTION = YES;
				GCC_WARN_UNUSED_VARIABLE = YES;
				MACOSX_DEPLOYMENT_TARGET = 10.15;
				MTL_ENABLE_DEBUG_INFO = INCLUDE_SOURCE;
				MTL_FAST_MATH = YES;
				ONLY_ACTIVE_ARCH = YES;
				SDKROOT = macosx;
			};
			name = Debug;
		};
		6F6B167924E4FB8E0041B8EF /* Release */ = {
			isa = XCBuildConfiguration;
			buildSettings = {
				ALWAYS_SEARCH_USER_PATHS = NO;
				CLANG_ANALYZER_NONNULL = YES;
				CLANG_ANALYZER_NUMBER_OBJECT_CONVERSION = YES_AGGRESSIVE;
				CLANG_CXX_LANGUAGE_STANDARD = "gnu++14";
				CLANG_CXX_LIBRARY = "libc++";
				CLANG_ENABLE_MODULES = YES;
				CLANG_ENABLE_OBJC_ARC = YES;
				CLANG_ENABLE_OBJC_WEAK = YES;
				CLANG_WARN_BLOCK_CAPTURE_AUTORELEASING = YES;
				CLANG_WARN_BOOL_CONVERSION = YES;
				CLANG_WARN_COMMA = YES;
				CLANG_WARN_CONSTANT_CONVERSION = YES;
				CLANG_WARN_DEPRECATED_OBJC_IMPLEMENTATIONS = YES;
				CLANG_WARN_DIRECT_OBJC_ISA_USAGE = YES_ERROR;
				CLANG_WARN_DOCUMENTATION_COMMENTS = YES;
				CLANG_WARN_EMPTY_BODY = YES;
				CLANG_WARN_ENUM_CONVERSION = YES;
				CLANG_WARN_INFINITE_RECURSION = YES;
				CLANG_WARN_INT_CONVERSION = YES;
				CLANG_WARN_NON_LITERAL_NULL_CONVERSION = YES;
				CLANG_WARN_OBJC_IMPLICIT_RETAIN_SELF = YES;
				CLANG_WARN_OBJC_LITERAL_CONVERSION = YES;
				CLANG_WARN_OBJC_ROOT_CLASS = YES_ERROR;
				CLANG_WARN_RANGE_LOOP_ANALYSIS = YES;
				CLANG_WARN_STRICT_PROTOTYPES = YES;
				CLANG_WARN_SUSPICIOUS_MOVE = YES;
				CLANG_WARN_UNGUARDED_AVAILABILITY = YES_AGGRESSIVE;
				CLANG_WARN_UNREACHABLE_CODE = YES;
				CLANG_WARN__DUPLICATE_METHOD_MATCH = YES;
				COPY_PHASE_STRIP = NO;
				DEBUG_INFORMATION_FORMAT = "dwarf-with-dsym";
				ENABLE_NS_ASSERTIONS = NO;
				ENABLE_STRICT_OBJC_MSGSEND = YES;
				GCC_C_LANGUAGE_STANDARD = gnu11;
				GCC_NO_COMMON_BLOCKS = YES;
				GCC_WARN_64_TO_32_BIT_CONVERSION = YES;
				GCC_WARN_ABOUT_RETURN_TYPE = YES_ERROR;
				GCC_WARN_UNDECLARED_SELECTOR = YES;
				GCC_WARN_UNINITIALIZED_AUTOS = YES_AGGRESSIVE;
				GCC_WARN_UNUSED_FUNCTION = YES;
				GCC_WARN_UNUSED_VARIABLE = YES;
				MACOSX_DEPLOYMENT_TARGET = 10.15;
				MTL_ENABLE_DEBUG_INFO = NO;
				MTL_FAST_MATH = YES;
				SDKROOT = macosx;
			};
			name = Release;
		};
		6F6B167B24E4FB8E0041B8EF /* Debug */ = {
			isa = XCBuildConfiguration;
			buildSettings = {
				CLANG_ENABLE_MODULES = YES;
				CODE_SIGN_STYLE = Automatic;
				COMBINE_HIDPI_IMAGES = YES;
				FRAMEWORK_SEARCH_PATHS = "/Users/benjaminjohnson/Library/Developer/Xcode/DerivedData/SpotlightBridge-ejtgnhqiidiihgdhizfcemwfkohf/Build/Products/Debug";
				INFOPLIST_FILE = JIRASpotlightBridgeExtension/Info.plist;
				INSTALL_PATH = "$(LOCAL_LIBRARY_DIR)/Bundles";
				LD_RUNPATH_SEARCH_PATHS = (
					"$(inherited)",
					"@executable_path/../Frameworks",
					"@loader_path/../Frameworks",
				);
				MACOSX_DEPLOYMENT_TARGET = 10.14;
				PRODUCT_BUNDLE_IDENTIFIER = benjamin.spotlightbridge.JIRASpotlightBridgeExtension;
				PRODUCT_NAME = "$(TARGET_NAME)";
				SKIP_INSTALL = YES;
				SWIFT_OBJC_BRIDGING_HEADER = "";
				SWIFT_OPTIMIZATION_LEVEL = "-Onone";
				SWIFT_VERSION = 5.0;
				SYSTEM_FRAMEWORK_SEARCH_PATHS = (
					"$(inherited)",
					"$(SYSTEM_LIBRARY_DIR)/PrivateFrameworks",
				);
				WRAPPER_EXTENSION = bundle;
			};
			name = Debug;
		};
		6F6B167C24E4FB8E0041B8EF /* Release */ = {
			isa = XCBuildConfiguration;
			buildSettings = {
				CLANG_ENABLE_MODULES = YES;
				CODE_SIGN_STYLE = Automatic;
				COMBINE_HIDPI_IMAGES = YES;
				FRAMEWORK_SEARCH_PATHS = "/Users/benjaminjohnson/Library/Developer/Xcode/DerivedData/SpotlightBridge-ejtgnhqiidiihgdhizfcemwfkohf/Build/Products/Debug";
				INFOPLIST_FILE = JIRASpotlightBridgeExtension/Info.plist;
				INSTALL_PATH = "$(LOCAL_LIBRARY_DIR)/Bundles";
				LD_RUNPATH_SEARCH_PATHS = (
					"$(inherited)",
					"@executable_path/../Frameworks",
					"@loader_path/../Frameworks",
				);
				MACOSX_DEPLOYMENT_TARGET = 10.14;
				PRODUCT_BUNDLE_IDENTIFIER = benjamin.spotlightbridge.JIRASpotlightBridgeExtension;
				PRODUCT_NAME = "$(TARGET_NAME)";
				SKIP_INSTALL = YES;
				SWIFT_OBJC_BRIDGING_HEADER = "";
				SWIFT_VERSION = 5.0;
				SYSTEM_FRAMEWORK_SEARCH_PATHS = (
					"$(inherited)",
					"$(SYSTEM_LIBRARY_DIR)/PrivateFrameworks",
				);
				WRAPPER_EXTENSION = bundle;
			};
			name = Release;
		};
		6FB4E4A625033BC8006F20BB /* Debug */ = {
			isa = XCBuildConfiguration;
			buildSettings = {
				CODE_SIGN_IDENTITY = "Mac Developer";
				CODE_SIGN_STYLE = Automatic;
				COMBINE_HIDPI_IMAGES = YES;
				DEVELOPMENT_TEAM = 8X8G29CCGH;
				INFOPLIST_FILE = JiraAgentTests/Info.plist;
				LD_RUNPATH_SEARCH_PATHS = (
					"$(inherited)",
					"@executable_path/../Frameworks",
					"@loader_path/../Frameworks",
				);
				MACOSX_DEPLOYMENT_TARGET = 10.14;
				PRODUCT_BUNDLE_IDENTIFIER = benjaminjohnson.JiraAgentTests;
				PRODUCT_NAME = "$(TARGET_NAME)";
				SWIFT_ACTIVE_COMPILATION_CONDITIONS = DEBUG;
				SWIFT_OPTIMIZATION_LEVEL = "-Onone";
				SWIFT_VERSION = 5.0;
			};
			name = Debug;
		};
		6FB4E4A725033BC8006F20BB /* Release */ = {
			isa = XCBuildConfiguration;
			buildSettings = {
				CODE_SIGN_IDENTITY = "Mac Developer";
				CODE_SIGN_STYLE = Automatic;
				COMBINE_HIDPI_IMAGES = YES;
				DEVELOPMENT_TEAM = 8X8G29CCGH;
				INFOPLIST_FILE = JiraAgentTests/Info.plist;
				LD_RUNPATH_SEARCH_PATHS = (
					"$(inherited)",
					"@executable_path/../Frameworks",
					"@loader_path/../Frameworks",
				);
				MACOSX_DEPLOYMENT_TARGET = 10.14;
				PRODUCT_BUNDLE_IDENTIFIER = benjaminjohnson.JiraAgentTests;
				PRODUCT_NAME = "$(TARGET_NAME)";
				SWIFT_COMPILATION_MODE = wholemodule;
				SWIFT_OPTIMIZATION_LEVEL = "-O";
				SWIFT_VERSION = 5.0;
			};
			name = Release;
		};
		6FD2204224FA547E008DCEEC /* Debug */ = {
			isa = XCBuildConfiguration;
			buildSettings = {
				CODE_SIGN_IDENTITY = "Mac Developer";
				CODE_SIGN_STYLE = Automatic;
				COMBINE_HIDPI_IMAGES = YES;
				DEVELOPMENT_TEAM = 8X8G29CCGH;
				FRAMEWORK_SEARCH_PATHS = "/Users/benjaminjohnson/Library/Developer/Xcode/DerivedData/SpotlightBridge-ejtgnhqiidiihgdhizfcemwfkohf/Build/Products/Debug";
				INFOPLIST_FILE = JIRASpotlightBridgeExtensionTests/Info.plist;
				LD_RUNPATH_SEARCH_PATHS = (
					"$(inherited)",
					"@executable_path/../Frameworks",
					"@loader_path/../Frameworks",
				);
				MACOSX_DEPLOYMENT_TARGET = 10.14;
				PRODUCT_BUNDLE_IDENTIFIER = benjaminjohnson.JIRASpotlightBridgeExtensionTests;
				PRODUCT_NAME = "$(TARGET_NAME)";
				SWIFT_ACTIVE_COMPILATION_CONDITIONS = DEBUG;
				SWIFT_OPTIMIZATION_LEVEL = "-Onone";
				SWIFT_VERSION = 5.0;
			};
			name = Debug;
		};
		6FD2204324FA547E008DCEEC /* Release */ = {
			isa = XCBuildConfiguration;
			buildSettings = {
				CODE_SIGN_IDENTITY = "Mac Developer";
				CODE_SIGN_STYLE = Automatic;
				COMBINE_HIDPI_IMAGES = YES;
				DEVELOPMENT_TEAM = 8X8G29CCGH;
				FRAMEWORK_SEARCH_PATHS = "/Users/benjaminjohnson/Library/Developer/Xcode/DerivedData/SpotlightBridge-ejtgnhqiidiihgdhizfcemwfkohf/Build/Products/Debug";
				INFOPLIST_FILE = JIRASpotlightBridgeExtensionTests/Info.plist;
				LD_RUNPATH_SEARCH_PATHS = (
					"$(inherited)",
					"@executable_path/../Frameworks",
					"@loader_path/../Frameworks",
				);
				MACOSX_DEPLOYMENT_TARGET = 10.14;
				PRODUCT_BUNDLE_IDENTIFIER = benjaminjohnson.JIRASpotlightBridgeExtensionTests;
				PRODUCT_NAME = "$(TARGET_NAME)";
				SWIFT_COMPILATION_MODE = wholemodule;
				SWIFT_OPTIMIZATION_LEVEL = "-O";
				SWIFT_VERSION = 5.0;
			};
			name = Release;
		};
		6FF46A6524FD03F00036A753 /* Debug */ = {
			isa = XCBuildConfiguration;
			buildSettings = {
				CODE_SIGN_IDENTITY = "Mac Developer";
				CODE_SIGN_STYLE = Automatic;
				DEVELOPMENT_TEAM = 8X8G29CCGH;
				LD_RUNPATH_SEARCH_PATHS = "@executable_path";
				MACOSX_DEPLOYMENT_TARGET = 10.14;
				PRODUCT_NAME = "$(TARGET_NAME)";
				SWIFT_ACTIVE_COMPILATION_CONDITIONS = DEBUG;
				SWIFT_OPTIMIZATION_LEVEL = "-Onone";
				SWIFT_VERSION = 5.0;
			};
			name = Debug;
		};
		6FF46A6624FD03F00036A753 /* Release */ = {
			isa = XCBuildConfiguration;
			buildSettings = {
				CODE_SIGN_IDENTITY = "Mac Developer";
				CODE_SIGN_STYLE = Automatic;
				DEVELOPMENT_TEAM = 8X8G29CCGH;
				LD_RUNPATH_SEARCH_PATHS = "@executable_path";
				MACOSX_DEPLOYMENT_TARGET = 10.14;
				PRODUCT_NAME = "$(TARGET_NAME)";
				SWIFT_COMPILATION_MODE = wholemodule;
				SWIFT_OPTIMIZATION_LEVEL = "-O";
				SWIFT_VERSION = 5.0;
			};
			name = Release;
		};
		6FF7C55424F1CD3F00C471AD /* Debug */ = {
			isa = XCBuildConfiguration;
			buildSettings = {
				CLANG_ENABLE_MODULES = YES;
				CODE_SIGN_IDENTITY = "Mac Developer";
				CODE_SIGN_STYLE = Automatic;
				COMBINE_HIDPI_IMAGES = YES;
				CURRENT_PROJECT_VERSION = 1;
				DEFINES_MODULE = YES;
				DEVELOPMENT_TEAM = 8X8G29CCGH;
				DYLIB_COMPATIBILITY_VERSION = 1;
				DYLIB_CURRENT_VERSION = 1;
				DYLIB_INSTALL_NAME_BASE = "@rpath";
				FRAMEWORK_VERSION = A;
				INFOPLIST_FILE = "$(SRCROOT)/JiraKit/Info.plist";
				INSTALL_PATH = "$(LOCAL_LIBRARY_DIR)/Frameworks";
				LD_RUNPATH_SEARCH_PATHS = (
					"$(inherited)",
					"@executable_path/../Frameworks",
					"@loader_path/Frameworks",
				);
				MACOSX_DEPLOYMENT_TARGET = 10.14;
				PRODUCT_BUNDLE_IDENTIFIER = benjaminjohnson.JIRAServices;
				PRODUCT_NAME = "$(TARGET_NAME:c99extidentifier)";
				SKIP_INSTALL = YES;
				SWIFT_ACTIVE_COMPILATION_CONDITIONS = DEBUG;
				SWIFT_OBJC_BRIDGING_HEADER = "";
				SWIFT_OPTIMIZATION_LEVEL = "-Onone";
				SWIFT_VERSION = 5.0;
				VERSIONING_SYSTEM = "apple-generic";
				VERSION_INFO_PREFIX = "";
			};
			name = Debug;
		};
		6FF7C55524F1CD3F00C471AD /* Release */ = {
			isa = XCBuildConfiguration;
			buildSettings = {
				CLANG_ENABLE_MODULES = YES;
				CODE_SIGN_IDENTITY = "Mac Developer";
				CODE_SIGN_STYLE = Automatic;
				COMBINE_HIDPI_IMAGES = YES;
				CURRENT_PROJECT_VERSION = 1;
				DEFINES_MODULE = YES;
				DEVELOPMENT_TEAM = 8X8G29CCGH;
				DYLIB_COMPATIBILITY_VERSION = 1;
				DYLIB_CURRENT_VERSION = 1;
				DYLIB_INSTALL_NAME_BASE = "@rpath";
				FRAMEWORK_VERSION = A;
				INFOPLIST_FILE = "$(SRCROOT)/JiraKit/Info.plist";
				INSTALL_PATH = "$(LOCAL_LIBRARY_DIR)/Frameworks";
				LD_RUNPATH_SEARCH_PATHS = (
					"$(inherited)",
					"@executable_path/../Frameworks",
					"@loader_path/Frameworks",
				);
				MACOSX_DEPLOYMENT_TARGET = 10.14;
				PRODUCT_BUNDLE_IDENTIFIER = benjaminjohnson.JIRAServices;
				PRODUCT_NAME = "$(TARGET_NAME:c99extidentifier)";
				SKIP_INSTALL = YES;
				SWIFT_COMPILATION_MODE = wholemodule;
				SWIFT_OBJC_BRIDGING_HEADER = "";
				SWIFT_OPTIMIZATION_LEVEL = "-O";
				SWIFT_VERSION = 5.0;
				VERSIONING_SYSTEM = "apple-generic";
				VERSION_INFO_PREFIX = "";
			};
			name = Release;
		};
		6FF7C55724F1CD3F00C471AD /* Debug */ = {
			isa = XCBuildConfiguration;
			buildSettings = {
				ALWAYS_EMBED_SWIFT_STANDARD_LIBRARIES = YES;
				CODE_SIGN_IDENTITY = "Mac Developer";
				CODE_SIGN_STYLE = Automatic;
				COMBINE_HIDPI_IMAGES = YES;
				DEVELOPMENT_TEAM = 8X8G29CCGH;
				INFOPLIST_FILE = JIRAServicesTests/Info.plist;
				LD_RUNPATH_SEARCH_PATHS = (
					"$(inherited)",
					"@executable_path/../Frameworks",
					"@loader_path/../Frameworks",
				);
				MACOSX_DEPLOYMENT_TARGET = 10.14;
				PRODUCT_BUNDLE_IDENTIFIER = benjaminjohnson.JIRAServicesTests;
				PRODUCT_NAME = "$(TARGET_NAME)";
				SWIFT_ACTIVE_COMPILATION_CONDITIONS = DEBUG;
				SWIFT_OPTIMIZATION_LEVEL = "-Onone";
				SWIFT_VERSION = 5.0;
			};
			name = Debug;
		};
		6FF7C55824F1CD3F00C471AD /* Release */ = {
			isa = XCBuildConfiguration;
			buildSettings = {
				ALWAYS_EMBED_SWIFT_STANDARD_LIBRARIES = YES;
				CODE_SIGN_IDENTITY = "Mac Developer";
				CODE_SIGN_STYLE = Automatic;
				COMBINE_HIDPI_IMAGES = YES;
				DEVELOPMENT_TEAM = 8X8G29CCGH;
				INFOPLIST_FILE = JIRAServicesTests/Info.plist;
				LD_RUNPATH_SEARCH_PATHS = (
					"$(inherited)",
					"@executable_path/../Frameworks",
					"@loader_path/../Frameworks",
				);
				MACOSX_DEPLOYMENT_TARGET = 10.14;
				PRODUCT_BUNDLE_IDENTIFIER = benjaminjohnson.JIRAServicesTests;
				PRODUCT_NAME = "$(TARGET_NAME)";
				SWIFT_COMPILATION_MODE = wholemodule;
				SWIFT_OPTIMIZATION_LEVEL = "-O";
				SWIFT_VERSION = 5.0;
			};
			name = Release;
		};
/* End XCBuildConfiguration section */

/* Begin XCConfigurationList section */
		6F107F4C25024C8F00BEA3C1 /* Build configuration list for PBXNativeTarget "JiraBridge" */ = {
			isa = XCConfigurationList;
			buildConfigurations = (
				6F107F4A25024C8F00BEA3C1 /* Debug */,
				6F107F4B25024C8F00BEA3C1 /* Release */,
			);
			defaultConfigurationIsVisible = 0;
			defaultConfigurationName = Release;
		};
		6F6B166F24E4FB8E0041B8EF /* Build configuration list for PBXProject "JIRASpotlightBridgeExtension" */ = {
			isa = XCConfigurationList;
			buildConfigurations = (
				6F6B167824E4FB8E0041B8EF /* Debug */,
				6F6B167924E4FB8E0041B8EF /* Release */,
			);
			defaultConfigurationIsVisible = 0;
			defaultConfigurationName = Release;
		};
		6F6B167A24E4FB8E0041B8EF /* Build configuration list for PBXNativeTarget "JIRASpotlightBridgeExtension" */ = {
			isa = XCConfigurationList;
			buildConfigurations = (
				6F6B167B24E4FB8E0041B8EF /* Debug */,
				6F6B167C24E4FB8E0041B8EF /* Release */,
			);
			defaultConfigurationIsVisible = 0;
			defaultConfigurationName = Release;
		};
		6FB4E4A525033BC8006F20BB /* Build configuration list for PBXNativeTarget "JiraAgentTests" */ = {
			isa = XCConfigurationList;
			buildConfigurations = (
				6FB4E4A625033BC8006F20BB /* Debug */,
				6FB4E4A725033BC8006F20BB /* Release */,
			);
			defaultConfigurationIsVisible = 0;
			defaultConfigurationName = Release;
		};
		6FD2204124FA547E008DCEEC /* Build configuration list for PBXNativeTarget "JIRASpotlightBridgeExtensionTests" */ = {
			isa = XCConfigurationList;
			buildConfigurations = (
				6FD2204224FA547E008DCEEC /* Debug */,
				6FD2204324FA547E008DCEEC /* Release */,
			);
			defaultConfigurationIsVisible = 0;
			defaultConfigurationName = Release;
		};
		6FF46A6724FD03F00036A753 /* Build configuration list for PBXNativeTarget "JiraAgent" */ = {
			isa = XCConfigurationList;
			buildConfigurations = (
				6FF46A6524FD03F00036A753 /* Debug */,
				6FF46A6624FD03F00036A753 /* Release */,
			);
			defaultConfigurationIsVisible = 0;
			defaultConfigurationName = Release;
		};
		6FF7C55324F1CD3F00C471AD /* Build configuration list for PBXNativeTarget "JiraKit" */ = {
			isa = XCConfigurationList;
			buildConfigurations = (
				6FF7C55424F1CD3F00C471AD /* Debug */,
				6FF7C55524F1CD3F00C471AD /* Release */,
			);
			defaultConfigurationIsVisible = 0;
			defaultConfigurationName = Release;
		};
		6FF7C55624F1CD3F00C471AD /* Build configuration list for PBXNativeTarget "JIRAServicesTests" */ = {
			isa = XCConfigurationList;
			buildConfigurations = (
				6FF7C55724F1CD3F00C471AD /* Debug */,
				6FF7C55824F1CD3F00C471AD /* Release */,
			);
			defaultConfigurationIsVisible = 0;
			defaultConfigurationName = Release;
		};
/* End XCConfigurationList section */

/* Begin XCVersionGroup section */
		6F4A8A3D24F39BAC00BEEFE6 /* JiraModel.xcdatamodeld */ = {
			isa = XCVersionGroup;
			children = (
				6F4A8A3E24F39BAC00BEEFE6 /* JiraModel.xcdatamodel */,
			);
			currentVersion = 6F4A8A3E24F39BAC00BEEFE6 /* JiraModel.xcdatamodel */;
			path = JiraModel.xcdatamodeld;
			sourceTree = "<group>";
			versionGroupType = wrapper.xcdatamodel;
		};
/* End XCVersionGroup section */
	};
	rootObject = 6F6B166C24E4FB8E0041B8EF /* Project object */;
}
